
Microsoft Visual Studio Solution File, Format Version 12.00
# Visual Studio 15
VisualStudioVersion = 15.0.26730.15
MinimumVisualStudioVersion = 10.0.40219.1
Project("{FAE04EC0-301F-11D3-BF4B-00C04F79EFBC}") = "AreaCalculator", "AreaCalculator\AreaCalculator.csproj", "{913692A3-3AA3-4C2F-BAF7-BE106F6B6AE8}"
EndProject
Project("{FAE04EC0-301F-11D3-BF4B-00C04F79EFBC}") = "Test", "Test\Test.csproj", "{6C339B21-6139-47A7-A54D-FD245EE6065A}"
EndProject
Global
	GlobalSection(SolutionConfigurationPlatforms) = preSolution
		Debug|Any CPU = Debug|Any CPU
		Release|Any CPU = Release|Any CPU
	EndGlobalSection
	GlobalSection(ProjectConfigurationPlatforms) = postSolution
		{913692A3-3AA3-4C2F-BAF7-BE106F6B6AE8}.Debug|Any CPU.ActiveCfg = Debug|Any CPU
		{913692A3-3AA3-4C2F-BAF7-BE106F6B6AE8}.Debug|Any CPU.Build.0 = Debug|Any CPU
		{913692A3-3AA3-4C2F-BAF7-BE106F6B6AE8}.Release|Any CPU.ActiveCfg = Release|Any CPU
		{913692A3-3AA3-4C2F-BAF7-BE106F6B6AE8}.Release|Any CPU.Build.0 = Release|Any CPU
		{6C339B21-6139-47A7-A54D-FD245EE6065A}.Debug|Any CPU.ActiveCfg = Debug|Any CPU
		{6C339B21-6139-47A7-A54D-FD245EE6065A}.Debug|Any CPU.Build.0 = Debug|Any CPU
		{6C339B21-6139-47A7-A54D-FD245EE6065A}.Release|Any CPU.ActiveCfg = Release|Any CPU
		{6C339B21-6139-47A7-A54D-FD245EE6065A}.Release|Any CPU.Build.0 = Release|Any CPU
	EndGlobalSection
	GlobalSection(SolutionProperties) = preSolution
		HideSolutionNode = FALSE
	EndGlobalSection
	GlobalSection(ExtensibilityGlobals) = postSolution
		SolutionGuid = {6C2E3137-873A-428A-9A5A-CA6F72EE9599}
	EndGlobalSection
EndGlobal
